
Microsoft Visual Studio Solution File, Format Version 12.00
# Visual Studio Version 16
VisualStudioVersion = 16.0.30804.86
MinimumVisualStudioVersion = 10.0.40219.1
Project("{2150E333-8FDC-42A3-9474-1A3956D46DE8}") = "Carts", "Carts", "{B88D54AA-F3B0-4ADC-BC7D-C2364586C2BA}"
EndProject
Project("{2150E333-8FDC-42A3-9474-1A3956D46DE8}") = "Identity", "Identity", "{57B7B20B-0E40-4426-8D74-E478253FEC23}"
EndProject
Project("{2150E333-8FDC-42A3-9474-1A3956D46DE8}") = "Offers", "Offers", "{E75C2D41-C10E-4D0E-B966-615DD7CA26AB}"
EndProject
Project("{2150E333-8FDC-42A3-9474-1A3956D46DE8}") = "Orders", "Orders", "{31336F6D-B806-474D-9537-211B08AC6661}"
EndProject
Project("{2150E333-8FDC-42A3-9474-1A3956D46DE8}") = "NotificationService", "NotificationService", "{3F9A9E69-0CA6-4749-936B-ECAB138A979E}"
EndProject
Project("{2150E333-8FDC-42A3-9474-1A3956D46DE8}") = "Common", "Common", "{BE57427C-75FC-4E90-81FA-6F6CAD6CD8FD}"
EndProject
Project("{9A19103F-16F7-4668-BE54-9A1E7A4F7556}") = "Common.Domain", "Common\Common.Domain\Common.Domain.csproj", "{DA338322-B1BE-45E9-B35B-A8A80F31AC1F}"
EndProject
Project("{9A19103F-16F7-4668-BE54-9A1E7A4F7556}") = "Common.Dto", "Common\Common.Dto\Common.Dto.csproj", "{EC95B087-DCB5-4BF9-860C-CD0C3E53332B}"
EndProject
Project("{9A19103F-16F7-4668-BE54-9A1E7A4F7556}") = "Common.Grpc", "Common\Common.Grpc\Common.Grpc.csproj", "{1100FB96-1E1D-4CF4-A6C4-C49F7077FBA8}"
EndProject
Project("{9A19103F-16F7-4668-BE54-9A1E7A4F7556}") = "Common.Utilities", "Common\Common.Utilities\Common.Utilities.csproj", "{BC0CE3DC-427B-49F1-A64F-02A77430E297}"
EndProject
Project("{9A19103F-16F7-4668-BE54-9A1E7A4F7556}") = "Carts.API", "Carts\Carts.API\Carts.API.csproj", "{C603D4DC-11CE-4539-A9BB-B7F7CF71197A}"
EndProject
Project("{9A19103F-16F7-4668-BE54-9A1E7A4F7556}") = "Carts.Domain", "Carts\Carts.Domain\Carts.Domain.csproj", "{C1FCCFC3-B43B-49D3-A1BE-B009569F4196}"
EndProject
Project("{9A19103F-16F7-4668-BE54-9A1E7A4F7556}") = "Carts.Infrastructure", "Carts\Carts.Infrastructure\Carts.Infrastructure.csproj", "{EC991378-0362-4AF8-AE40-D960CA1AFEDE}"
EndProject
Project("{9A19103F-16F7-4668-BE54-9A1E7A4F7556}") = "Identity.Domain", "Identity\Identity.Domain\Identity.Domain.csproj", "{D6A977D0-722B-4C62-B75D-C3ADF66287CD}"
EndProject
Project("{9A19103F-16F7-4668-BE54-9A1E7A4F7556}") = "Identity.Infrastructure", "Identity\Identity.Infrastructure\Identity.Infrastructure.csproj", "{3A520F7C-9871-4796-A865-63C0EBFE95AD}"
EndProject
Project("{9A19103F-16F7-4668-BE54-9A1E7A4F7556}") = "Identity.API", "Identity\Identity.API\Identity.API.csproj", "{10BB17A0-C7EF-4436-A442-C529C319A230}"
EndProject
Project("{9A19103F-16F7-4668-BE54-9A1E7A4F7556}") = "NotificationService.Domain", "NotificationService\NotificationService.Domain\NotificationService.Domain.csproj", "{1E4234A2-73B4-4E59-A9D8-95E5B5290A74}"
EndProject
Project("{9A19103F-16F7-4668-BE54-9A1E7A4F7556}") = "NotificationService.Infrastructure", "NotificationService\NotificationService.Infrastructure\NotificationService.Infrastructure.csproj", "{DA51C36E-8384-49FF-B8F0-C2BCDC64933D}"
EndProject
Project("{9A19103F-16F7-4668-BE54-9A1E7A4F7556}") = "NotificationService.API", "NotificationService\NotificationService.API\NotificationService.API.csproj", "{3D8D9A3B-BFE7-421D-8C1F-80A68975A82A}"
EndProject
Project("{9A19103F-16F7-4668-BE54-9A1E7A4F7556}") = "Offers.Domain", "Offers\Offers.Domain\Offers.Domain.csproj", "{6AC851F8-FA9B-4FCC-BE14-13E3E25C291C}"
EndProject
Project("{9A19103F-16F7-4668-BE54-9A1E7A4F7556}") = "Offers.Infrastructure", "Offers\Offers.Infrastructure\Offers.Infrastructure.csproj", "{80C75FCE-80EF-49AC-B0C6-0211C863E63C}"
EndProject
Project("{9A19103F-16F7-4668-BE54-9A1E7A4F7556}") = "Offers.API", "Offers\Offers.API\Offers.API.csproj", "{A5F691F3-EA66-4CBB-AA1A-CBE9382CE42E}"
EndProject
Project("{9A19103F-16F7-4668-BE54-9A1E7A4F7556}") = "Orders.Domain", "Orders\Orders.Domain\Orders.Domain.csproj", "{7C4F8E8F-017B-4B12-BB2B-ED09E2F1413F}"
EndProject
Project("{9A19103F-16F7-4668-BE54-9A1E7A4F7556}") = "Orders.Infrastructure", "Orders\Orders.Infrastructure\Orders.Infrastructure.csproj", "{48824173-C5E2-45D4-8125-B4AA61E8627D}"
EndProject
Project("{9A19103F-16F7-4668-BE54-9A1E7A4F7556}") = "Orders.API", "Orders\Orders.API\Orders.API.csproj", "{E7C0DAA2-72D4-4E73-A38C-18073AA8F021}"
EndProject
Project("{2150E333-8FDC-42A3-9474-1A3956D46DE8}") = "API.Gateway", "API.Gateway", "{BB8CEBCD-A025-4C8F-9338-04D57077F354}"
EndProject
Project("{9A19103F-16F7-4668-BE54-9A1E7A4F7556}") = "API.Gateway", "API.Gateway\API.Gateway\API.Gateway.csproj", "{EFF8390C-07A4-4997-8484-A0E946144326}"
EndProject
Global
	GlobalSection(SolutionConfigurationPlatforms) = preSolution
		Debug|Any CPU = Debug|Any CPU
		Release|Any CPU = Release|Any CPU
	EndGlobalSection
	GlobalSection(ProjectConfigurationPlatforms) = postSolution
		{DA338322-B1BE-45E9-B35B-A8A80F31AC1F}.Debug|Any CPU.ActiveCfg = Debug|Any CPU
		{DA338322-B1BE-45E9-B35B-A8A80F31AC1F}.Debug|Any CPU.Build.0 = Debug|Any CPU
		{DA338322-B1BE-45E9-B35B-A8A80F31AC1F}.Release|Any CPU.ActiveCfg = Release|Any CPU
		{DA338322-B1BE-45E9-B35B-A8A80F31AC1F}.Release|Any CPU.Build.0 = Release|Any CPU
		{EC95B087-DCB5-4BF9-860C-CD0C3E53332B}.Debug|Any CPU.ActiveCfg = Debug|Any CPU
		{EC95B087-DCB5-4BF9-860C-CD0C3E53332B}.Debug|Any CPU.Build.0 = Debug|Any CPU
		{EC95B087-DCB5-4BF9-860C-CD0C3E53332B}.Release|Any CPU.ActiveCfg = Release|Any CPU
		{EC95B087-DCB5-4BF9-860C-CD0C3E53332B}.Release|Any CPU.Build.0 = Release|Any CPU
		{1100FB96-1E1D-4CF4-A6C4-C49F7077FBA8}.Debug|Any CPU.ActiveCfg = Debug|Any CPU
		{1100FB96-1E1D-4CF4-A6C4-C49F7077FBA8}.Debug|Any CPU.Build.0 = Debug|Any CPU
		{1100FB96-1E1D-4CF4-A6C4-C49F7077FBA8}.Release|Any CPU.ActiveCfg = Release|Any CPU
		{1100FB96-1E1D-4CF4-A6C4-C49F7077FBA8}.Release|Any CPU.Build.0 = Release|Any CPU
		{BC0CE3DC-427B-49F1-A64F-02A77430E297}.Debug|Any CPU.ActiveCfg = Debug|Any CPU
		{BC0CE3DC-427B-49F1-A64F-02A77430E297}.Debug|Any CPU.Build.0 = Debug|Any CPU
		{BC0CE3DC-427B-49F1-A64F-02A77430E297}.Release|Any CPU.ActiveCfg = Release|Any CPU
		{BC0CE3DC-427B-49F1-A64F-02A77430E297}.Release|Any CPU.Build.0 = Release|Any CPU
		{C603D4DC-11CE-4539-A9BB-B7F7CF71197A}.Debug|Any CPU.ActiveCfg = Debug|Any CPU
		{C603D4DC-11CE-4539-A9BB-B7F7CF71197A}.Debug|Any CPU.Build.0 = Debug|Any CPU
		{C603D4DC-11CE-4539-A9BB-B7F7CF71197A}.Release|Any CPU.ActiveCfg = Release|Any CPU
		{C603D4DC-11CE-4539-A9BB-B7F7CF71197A}.Release|Any CPU.Build.0 = Release|Any CPU
		{C1FCCFC3-B43B-49D3-A1BE-B009569F4196}.Debug|Any CPU.ActiveCfg = Debug|Any CPU
		{C1FCCFC3-B43B-49D3-A1BE-B009569F4196}.Debug|Any CPU.Build.0 = Debug|Any CPU
		{C1FCCFC3-B43B-49D3-A1BE-B009569F4196}.Release|Any CPU.ActiveCfg = Release|Any CPU
		{C1FCCFC3-B43B-49D3-A1BE-B009569F4196}.Release|Any CPU.Build.0 = Release|Any CPU
		{EC991378-0362-4AF8-AE40-D960CA1AFEDE}.Debug|Any CPU.ActiveCfg = Debug|Any CPU
		{EC991378-0362-4AF8-AE40-D960CA1AFEDE}.Debug|Any CPU.Build.0 = Debug|Any CPU
		{EC991378-0362-4AF8-AE40-D960CA1AFEDE}.Release|Any CPU.ActiveCfg = Release|Any CPU
		{EC991378-0362-4AF8-AE40-D960CA1AFEDE}.Release|Any CPU.Build.0 = Release|Any CPU
		{D6A977D0-722B-4C62-B75D-C3ADF66287CD}.Debug|Any CPU.ActiveCfg = Debug|Any CPU
		{D6A977D0-722B-4C62-B75D-C3ADF66287CD}.Debug|Any CPU.Build.0 = Debug|Any CPU
		{D6A977D0-722B-4C62-B75D-C3ADF66287CD}.Release|Any CPU.ActiveCfg = Release|Any CPU
		{D6A977D0-722B-4C62-B75D-C3ADF66287CD}.Release|Any CPU.Build.0 = Release|Any CPU
		{3A520F7C-9871-4796-A865-63C0EBFE95AD}.Debug|Any CPU.ActiveCfg = Debug|Any CPU
		{3A520F7C-9871-4796-A865-63C0EBFE95AD}.Debug|Any CPU.Build.0 = Debug|Any CPU
		{3A520F7C-9871-4796-A865-63C0EBFE95AD}.Release|Any CPU.ActiveCfg = Release|Any CPU
		{3A520F7C-9871-4796-A865-63C0EBFE95AD}.Release|Any CPU.Build.0 = Release|Any CPU
		{10BB17A0-C7EF-4436-A442-C529C319A230}.Debug|Any CPU.ActiveCfg = Debug|Any CPU
		{10BB17A0-C7EF-4436-A442-C529C319A230}.Debug|Any CPU.Build.0 = Debug|Any CPU
		{10BB17A0-C7EF-4436-A442-C529C319A230}.Release|Any CPU.ActiveCfg = Release|Any CPU
		{10BB17A0-C7EF-4436-A442-C529C319A230}.Release|Any CPU.Build.0 = Release|Any CPU
		{1E4234A2-73B4-4E59-A9D8-95E5B5290A74}.Debug|Any CPU.ActiveCfg = Debug|Any CPU
		{1E4234A2-73B4-4E59-A9D8-95E5B5290A74}.Debug|Any CPU.Build.0 = Debug|Any CPU
		{1E4234A2-73B4-4E59-A9D8-95E5B5290A74}.Release|Any CPU.ActiveCfg = Release|Any CPU
		{1E4234A2-73B4-4E59-A9D8-95E5B5290A74}.Release|Any CPU.Build.0 = Release|Any CPU
		{DA51C36E-8384-49FF-B8F0-C2BCDC64933D}.Debug|Any CPU.ActiveCfg = Debug|Any CPU
		{DA51C36E-8384-49FF-B8F0-C2BCDC64933D}.Debug|Any CPU.Build.0 = Debug|Any CPU
		{DA51C36E-8384-49FF-B8F0-C2BCDC64933D}.Release|Any CPU.ActiveCfg = Release|Any CPU
		{DA51C36E-8384-49FF-B8F0-C2BCDC64933D}.Release|Any CPU.Build.0 = Release|Any CPU
		{3D8D9A3B-BFE7-421D-8C1F-80A68975A82A}.Debug|Any CPU.ActiveCfg = Debug|Any CPU
		{3D8D9A3B-BFE7-421D-8C1F-80A68975A82A}.Debug|Any CPU.Build.0 = Debug|Any CPU
		{3D8D9A3B-BFE7-421D-8C1F-80A68975A82A}.Release|Any CPU.ActiveCfg = Release|Any CPU
		{3D8D9A3B-BFE7-421D-8C1F-80A68975A82A}.Release|Any CPU.Build.0 = Release|Any CPU
		{6AC851F8-FA9B-4FCC-BE14-13E3E25C291C}.Debug|Any CPU.ActiveCfg = Debug|Any CPU
		{6AC851F8-FA9B-4FCC-BE14-13E3E25C291C}.Debug|Any CPU.Build.0 = Debug|Any CPU
		{6AC851F8-FA9B-4FCC-BE14-13E3E25C291C}.Release|Any CPU.ActiveCfg = Release|Any CPU
		{6AC851F8-FA9B-4FCC-BE14-13E3E25C291C}.Release|Any CPU.Build.0 = Release|Any CPU
		{80C75FCE-80EF-49AC-B0C6-0211C863E63C}.Debug|Any CPU.ActiveCfg = Debug|Any CPU
		{80C75FCE-80EF-49AC-B0C6-0211C863E63C}.Debug|Any CPU.Build.0 = Debug|Any CPU
		{80C75FCE-80EF-49AC-B0C6-0211C863E63C}.Release|Any CPU.ActiveCfg = Release|Any CPU
		{80C75FCE-80EF-49AC-B0C6-0211C863E63C}.Release|Any CPU.Build.0 = Release|Any CPU
		{A5F691F3-EA66-4CBB-AA1A-CBE9382CE42E}.Debug|Any CPU.ActiveCfg = Debug|Any CPU
		{A5F691F3-EA66-4CBB-AA1A-CBE9382CE42E}.Debug|Any CPU.Build.0 = Debug|Any CPU
		{A5F691F3-EA66-4CBB-AA1A-CBE9382CE42E}.Release|Any CPU.ActiveCfg = Release|Any CPU
		{A5F691F3-EA66-4CBB-AA1A-CBE9382CE42E}.Release|Any CPU.Build.0 = Release|Any CPU
		{7C4F8E8F-017B-4B12-BB2B-ED09E2F1413F}.Debug|Any CPU.ActiveCfg = Debug|Any CPU
		{7C4F8E8F-017B-4B12-BB2B-ED09E2F1413F}.Debug|Any CPU.Build.0 = Debug|Any CPU
		{7C4F8E8F-017B-4B12-BB2B-ED09E2F1413F}.Release|Any CPU.ActiveCfg = Release|Any CPU
		{7C4F8E8F-017B-4B12-BB2B-ED09E2F1413F}.Release|Any CPU.Build.0 = Release|Any CPU
		{48824173-C5E2-45D4-8125-B4AA61E8627D}.Debug|Any CPU.ActiveCfg = Debug|Any CPU
		{48824173-C5E2-45D4-8125-B4AA61E8627D}.Debug|Any CPU.Build.0 = Debug|Any CPU
		{48824173-C5E2-45D4-8125-B4AA61E8627D}.Release|Any CPU.ActiveCfg = Release|Any CPU
		{48824173-C5E2-45D4-8125-B4AA61E8627D}.Release|Any CPU.Build.0 = Release|Any CPU
		{E7C0DAA2-72D4-4E73-A38C-18073AA8F021}.Debug|Any CPU.ActiveCfg = Debug|Any CPU
		{E7C0DAA2-72D4-4E73-A38C-18073AA8F021}.Debug|Any CPU.Build.0 = Debug|Any CPU
		{E7C0DAA2-72D4-4E73-A38C-18073AA8F021}.Release|Any CPU.ActiveCfg = Release|Any CPU
		{E7C0DAA2-72D4-4E73-A38C-18073AA8F021}.Release|Any CPU.Build.0 = Release|Any CPU
		{EFF8390C-07A4-4997-8484-A0E946144326}.Debug|Any CPU.ActiveCfg = Debug|Any CPU
		{EFF8390C-07A4-4997-8484-A0E946144326}.Debug|Any CPU.Build.0 = Debug|Any CPU
		{EFF8390C-07A4-4997-8484-A0E946144326}.Release|Any CPU.ActiveCfg = Release|Any CPU
		{EFF8390C-07A4-4997-8484-A0E946144326}.Release|Any CPU.Build.0 = Release|Any CPU
	EndGlobalSection
	GlobalSection(SolutionProperties) = preSolution
		HideSolutionNode = FALSE
	EndGlobalSection
	GlobalSection(NestedProjects) = preSolution
		{DA338322-B1BE-45E9-B35B-A8A80F31AC1F} = {BE57427C-75FC-4E90-81FA-6F6CAD6CD8FD}
		{EC95B087-DCB5-4BF9-860C-CD0C3E53332B} = {BE57427C-75FC-4E90-81FA-6F6CAD6CD8FD}
		{1100FB96-1E1D-4CF4-A6C4-C49F7077FBA8} = {BE57427C-75FC-4E90-81FA-6F6CAD6CD8FD}
		{BC0CE3DC-427B-49F1-A64F-02A77430E297} = {BE57427C-75FC-4E90-81FA-6F6CAD6CD8FD}
		{C603D4DC-11CE-4539-A9BB-B7F7CF71197A} = {B88D54AA-F3B0-4ADC-BC7D-C2364586C2BA}
		{C1FCCFC3-B43B-49D3-A1BE-B009569F4196} = {B88D54AA-F3B0-4ADC-BC7D-C2364586C2BA}
		{EC991378-0362-4AF8-AE40-D960CA1AFEDE} = {B88D54AA-F3B0-4ADC-BC7D-C2364586C2BA}
		{D6A977D0-722B-4C62-B75D-C3ADF66287CD} = {57B7B20B-0E40-4426-8D74-E478253FEC23}
		{3A520F7C-9871-4796-A865-63C0EBFE95AD} = {57B7B20B-0E40-4426-8D74-E478253FEC23}
		{10BB17A0-C7EF-4436-A442-C529C319A230} = {57B7B20B-0E40-4426-8D74-E478253FEC23}
		{1E4234A2-73B4-4E59-A9D8-95E5B5290A74} = {3F9A9E69-0CA6-4749-936B-ECAB138A979E}
		{DA51C36E-8384-49FF-B8F0-C2BCDC64933D} = {3F9A9E69-0CA6-4749-936B-ECAB138A979E}
		{3D8D9A3B-BFE7-421D-8C1F-80A68975A82A} = {3F9A9E69-0CA6-4749-936B-ECAB138A979E}
		{6AC851F8-FA9B-4FCC-BE14-13E3E25C291C} = {E75C2D41-C10E-4D0E-B966-615DD7CA26AB}
		{80C75FCE-80EF-49AC-B0C6-0211C863E63C} = {E75C2D41-C10E-4D0E-B966-615DD7CA26AB}
		{A5F691F3-EA66-4CBB-AA1A-CBE9382CE42E} = {E75C2D41-C10E-4D0E-B966-615DD7CA26AB}
		{7C4F8E8F-017B-4B12-BB2B-ED09E2F1413F} = {31336F6D-B806-474D-9537-211B08AC6661}
		{48824173-C5E2-45D4-8125-B4AA61E8627D} = {31336F6D-B806-474D-9537-211B08AC6661}
		{E7C0DAA2-72D4-4E73-A38C-18073AA8F021} = {31336F6D-B806-474D-9537-211B08AC6661}
		{EFF8390C-07A4-4997-8484-A0E946144326} = {BB8CEBCD-A025-4C8F-9338-04D57077F354}
	EndGlobalSection
	GlobalSection(ExtensibilityGlobals) = postSolution
		SolutionGuid = {DDA2A596-1D00-4611-BE4F-88196C30110D}
	EndGlobalSection
EndGlobal
