
Microsoft Visual Studio Solution File, Format Version 12.00
# Visual Studio Version 16
VisualStudioVersion = 16.0.30804.86
MinimumVisualStudioVersion = 10.0.40219.1
Project("{9A19103F-16F7-4668-BE54-9A1E7A4F7556}") = "Offers.API", "Offers.API\Offers.API.csproj", "{BF02C75A-82D2-494C-AA19-6F7848E1B571}"
EndProject
Project("{9A19103F-16F7-4668-BE54-9A1E7A4F7556}") = "Identity.API", "Identity.API\Identity.API.csproj", "{E094B45E-EE7B-4533-8792-3C2CF0B28231}"
EndProject
Project("{9A19103F-16F7-4668-BE54-9A1E7A4F7556}") = "Common.Utilities", "Common\Common.Utilities.csproj", "{7FF39A70-1DF1-4EBA-A487-3F2EC9846F9C}"
EndProject
Project("{9A19103F-16F7-4668-BE54-9A1E7A4F7556}") = "Carts.API", "Carts.API\Carts.API.csproj", "{FE7F0CA9-F429-4759-851D-076015FAB95B}"
EndProject
Project("{9A19103F-16F7-4668-BE54-9A1E7A4F7556}") = "Orders.API", "Orders.API\Orders.API.csproj", "{3975614A-7D36-4904-8028-80643C21ADE3}"
EndProject
Project("{9A19103F-16F7-4668-BE54-9A1E7A4F7556}") = "API.Gateway", "API.Gateway\API.Gateway.csproj", "{5FCDE94A-3538-4B32-B04E-59AB6CB702C9}"
EndProject
Project("{9A19103F-16F7-4668-BE54-9A1E7A4F7556}") = "Common.Grpc", "Common.Grpc\Common.Grpc.csproj", "{4F4BAC6D-8D49-450C-BA8F-AAAE0706E127}"
EndProject
Project("{9A19103F-16F7-4668-BE54-9A1E7A4F7556}") = "NotificationService.API", "NotificationService\NotificationService.API.csproj", "{8F6E720A-1F75-42C3-8213-FB2B801189EF}"
EndProject
Project("{2150E333-8FDC-42A3-9474-1A3956D46DE8}") = "Offers", "Offers", "{C6FEDD12-A352-4FEA-8D8C-4A134A1B9FB0}"
EndProject
Project("{FAE04EC0-301F-11D3-BF4B-00C04F79EFBC}") = "Offers.Domain", "Offers.Domain\Offers.Domain.csproj", "{C80171E0-C141-4A2C-BDF4-A6EC9624A5DB}"
EndProject
Project("{FAE04EC0-301F-11D3-BF4B-00C04F79EFBC}") = "Offers.Infrastructure", "Offers.Infrastructure\Offers.Infrastructure.csproj", "{0C2B79BD-FF5D-48EA-BFA5-40297EC30BB7}"
EndProject
Project("{2150E333-8FDC-42A3-9474-1A3956D46DE8}") = "Common", "Common", "{25DE2947-EC17-4A28-B7D8-7622121D4852}"
EndProject
Project("{FAE04EC0-301F-11D3-BF4B-00C04F79EFBC}") = "Common.Domain", "Common.Domain\Common.Domain.csproj", "{42166C43-FDF0-42DF-892E-8E0DE1788F7B}"
EndProject
Project("{2150E333-8FDC-42A3-9474-1A3956D46DE8}") = "Carts", "Carts", "{0BFCC683-A613-42E0-B93E-59885AA1682B}"
EndProject
Project("{FAE04EC0-301F-11D3-BF4B-00C04F79EFBC}") = "Carts.Domain", "Carts.Domain\Carts.Domain.csproj", "{FEA17344-1188-4A4B-8FAB-15EBC817B4C3}"
EndProject
Project("{FAE04EC0-301F-11D3-BF4B-00C04F79EFBC}") = "Carts.Infrastructure", "Carts.Infrastructure\Carts.Infrastructure.csproj", "{F3065348-0FC6-47A0-A23A-6E245F5D8B08}"
EndProject
Project("{2150E333-8FDC-42A3-9474-1A3956D46DE8}") = "Orders", "Orders", "{A14B2A15-85CF-4469-94C3-76F63BF20F53}"
EndProject
Project("{FAE04EC0-301F-11D3-BF4B-00C04F79EFBC}") = "Orders.Domain", "Orders.Domain\Orders.Domain.csproj", "{E266AFBE-802C-4C62-8A67-8101D63D5A12}"
EndProject
Project("{FAE04EC0-301F-11D3-BF4B-00C04F79EFBC}") = "Orders.Infrastructure", "Orders.Infrastructure\Orders.Infrastructure.csproj", "{EF6580C4-77D5-4DE9-B44F-1E69A2A17D53}"
EndProject
Project("{FAE04EC0-301F-11D3-BF4B-00C04F79EFBC}") = "Common.Dto", "Common.Dto\Common.Dto.csproj", "{F52F65B1-5CF4-4218-8145-A4B364C87667}"
EndProject
Project("{2150E333-8FDC-42A3-9474-1A3956D46DE8}") = "NotificationService", "NotificationService", "{16628C92-C0EE-421A-B899-C849766EBD4C}"
EndProject
Project("{FAE04EC0-301F-11D3-BF4B-00C04F79EFBC}") = "NotificationService.Domain", "NotificationService.Domain\NotificationService.Domain.csproj", "{D995A887-F822-4653-A9A8-68599CBF810F}"
EndProject
Project("{FAE04EC0-301F-11D3-BF4B-00C04F79EFBC}") = "NotificationService.Infrastructure", "NotificationService.Infrastructure\NotificationService.Infrastructure.csproj", "{5CA16FC4-0CB0-4F2C-835D-5691F6B09030}"
EndProject
Project("{2150E333-8FDC-42A3-9474-1A3956D46DE8}") = "Identity", "Identity", "{5C442E99-A287-400C-8399-FF2B96FC22C8}"
EndProject
Project("{FAE04EC0-301F-11D3-BF4B-00C04F79EFBC}") = "Identity.Domain", "Identity.Domain\Identity.Domain.csproj", "{026E7894-1710-4EFA-99F1-3386EAE7CE80}"
EndProject
Project("{FAE04EC0-301F-11D3-BF4B-00C04F79EFBC}") = "Identity.Infrastructure", "Identity.Infrastructure\Identity.Infrastructure.csproj", "{15C5D6FA-C34D-4B6D-9927-0AE14737C865}"
EndProject
Global
	GlobalSection(SolutionConfigurationPlatforms) = preSolution
		Debug|Any CPU = Debug|Any CPU
		Release|Any CPU = Release|Any CPU
	EndGlobalSection
	GlobalSection(ProjectConfigurationPlatforms) = postSolution
		{BF02C75A-82D2-494C-AA19-6F7848E1B571}.Debug|Any CPU.ActiveCfg = Debug|Any CPU
		{BF02C75A-82D2-494C-AA19-6F7848E1B571}.Debug|Any CPU.Build.0 = Debug|Any CPU
		{BF02C75A-82D2-494C-AA19-6F7848E1B571}.Release|Any CPU.ActiveCfg = Release|Any CPU
		{BF02C75A-82D2-494C-AA19-6F7848E1B571}.Release|Any CPU.Build.0 = Release|Any CPU
		{E094B45E-EE7B-4533-8792-3C2CF0B28231}.Debug|Any CPU.ActiveCfg = Debug|Any CPU
		{E094B45E-EE7B-4533-8792-3C2CF0B28231}.Debug|Any CPU.Build.0 = Debug|Any CPU
		{E094B45E-EE7B-4533-8792-3C2CF0B28231}.Release|Any CPU.ActiveCfg = Release|Any CPU
		{E094B45E-EE7B-4533-8792-3C2CF0B28231}.Release|Any CPU.Build.0 = Release|Any CPU
		{7FF39A70-1DF1-4EBA-A487-3F2EC9846F9C}.Debug|Any CPU.ActiveCfg = Debug|Any CPU
		{7FF39A70-1DF1-4EBA-A487-3F2EC9846F9C}.Debug|Any CPU.Build.0 = Debug|Any CPU
		{7FF39A70-1DF1-4EBA-A487-3F2EC9846F9C}.Release|Any CPU.ActiveCfg = Release|Any CPU
		{7FF39A70-1DF1-4EBA-A487-3F2EC9846F9C}.Release|Any CPU.Build.0 = Release|Any CPU
		{FE7F0CA9-F429-4759-851D-076015FAB95B}.Debug|Any CPU.ActiveCfg = Debug|Any CPU
		{FE7F0CA9-F429-4759-851D-076015FAB95B}.Debug|Any CPU.Build.0 = Debug|Any CPU
		{FE7F0CA9-F429-4759-851D-076015FAB95B}.Release|Any CPU.ActiveCfg = Release|Any CPU
		{FE7F0CA9-F429-4759-851D-076015FAB95B}.Release|Any CPU.Build.0 = Release|Any CPU
		{3975614A-7D36-4904-8028-80643C21ADE3}.Debug|Any CPU.ActiveCfg = Debug|Any CPU
		{3975614A-7D36-4904-8028-80643C21ADE3}.Debug|Any CPU.Build.0 = Debug|Any CPU
		{3975614A-7D36-4904-8028-80643C21ADE3}.Release|Any CPU.ActiveCfg = Release|Any CPU
		{3975614A-7D36-4904-8028-80643C21ADE3}.Release|Any CPU.Build.0 = Release|Any CPU
		{5FCDE94A-3538-4B32-B04E-59AB6CB702C9}.Debug|Any CPU.ActiveCfg = Debug|Any CPU
		{5FCDE94A-3538-4B32-B04E-59AB6CB702C9}.Debug|Any CPU.Build.0 = Debug|Any CPU
		{5FCDE94A-3538-4B32-B04E-59AB6CB702C9}.Release|Any CPU.ActiveCfg = Release|Any CPU
		{5FCDE94A-3538-4B32-B04E-59AB6CB702C9}.Release|Any CPU.Build.0 = Release|Any CPU
		{4F4BAC6D-8D49-450C-BA8F-AAAE0706E127}.Debug|Any CPU.ActiveCfg = Debug|Any CPU
		{4F4BAC6D-8D49-450C-BA8F-AAAE0706E127}.Debug|Any CPU.Build.0 = Debug|Any CPU
		{4F4BAC6D-8D49-450C-BA8F-AAAE0706E127}.Release|Any CPU.ActiveCfg = Release|Any CPU
		{4F4BAC6D-8D49-450C-BA8F-AAAE0706E127}.Release|Any CPU.Build.0 = Release|Any CPU
		{8F6E720A-1F75-42C3-8213-FB2B801189EF}.Debug|Any CPU.ActiveCfg = Debug|Any CPU
		{8F6E720A-1F75-42C3-8213-FB2B801189EF}.Debug|Any CPU.Build.0 = Debug|Any CPU
		{8F6E720A-1F75-42C3-8213-FB2B801189EF}.Release|Any CPU.ActiveCfg = Release|Any CPU
		{8F6E720A-1F75-42C3-8213-FB2B801189EF}.Release|Any CPU.Build.0 = Release|Any CPU
		{C80171E0-C141-4A2C-BDF4-A6EC9624A5DB}.Debug|Any CPU.ActiveCfg = Debug|Any CPU
		{C80171E0-C141-4A2C-BDF4-A6EC9624A5DB}.Debug|Any CPU.Build.0 = Debug|Any CPU
		{C80171E0-C141-4A2C-BDF4-A6EC9624A5DB}.Release|Any CPU.ActiveCfg = Release|Any CPU
		{C80171E0-C141-4A2C-BDF4-A6EC9624A5DB}.Release|Any CPU.Build.0 = Release|Any CPU
		{0C2B79BD-FF5D-48EA-BFA5-40297EC30BB7}.Debug|Any CPU.ActiveCfg = Debug|Any CPU
		{0C2B79BD-FF5D-48EA-BFA5-40297EC30BB7}.Debug|Any CPU.Build.0 = Debug|Any CPU
		{0C2B79BD-FF5D-48EA-BFA5-40297EC30BB7}.Release|Any CPU.ActiveCfg = Release|Any CPU
		{0C2B79BD-FF5D-48EA-BFA5-40297EC30BB7}.Release|Any CPU.Build.0 = Release|Any CPU
		{42166C43-FDF0-42DF-892E-8E0DE1788F7B}.Debug|Any CPU.ActiveCfg = Debug|Any CPU
		{42166C43-FDF0-42DF-892E-8E0DE1788F7B}.Debug|Any CPU.Build.0 = Debug|Any CPU
		{42166C43-FDF0-42DF-892E-8E0DE1788F7B}.Release|Any CPU.ActiveCfg = Release|Any CPU
		{42166C43-FDF0-42DF-892E-8E0DE1788F7B}.Release|Any CPU.Build.0 = Release|Any CPU
		{FEA17344-1188-4A4B-8FAB-15EBC817B4C3}.Debug|Any CPU.ActiveCfg = Debug|Any CPU
		{FEA17344-1188-4A4B-8FAB-15EBC817B4C3}.Debug|Any CPU.Build.0 = Debug|Any CPU
		{FEA17344-1188-4A4B-8FAB-15EBC817B4C3}.Release|Any CPU.ActiveCfg = Release|Any CPU
		{FEA17344-1188-4A4B-8FAB-15EBC817B4C3}.Release|Any CPU.Build.0 = Release|Any CPU
		{F3065348-0FC6-47A0-A23A-6E245F5D8B08}.Debug|Any CPU.ActiveCfg = Debug|Any CPU
		{F3065348-0FC6-47A0-A23A-6E245F5D8B08}.Debug|Any CPU.Build.0 = Debug|Any CPU
		{F3065348-0FC6-47A0-A23A-6E245F5D8B08}.Release|Any CPU.ActiveCfg = Release|Any CPU
		{F3065348-0FC6-47A0-A23A-6E245F5D8B08}.Release|Any CPU.Build.0 = Release|Any CPU
		{E266AFBE-802C-4C62-8A67-8101D63D5A12}.Debug|Any CPU.ActiveCfg = Debug|Any CPU
		{E266AFBE-802C-4C62-8A67-8101D63D5A12}.Debug|Any CPU.Build.0 = Debug|Any CPU
		{E266AFBE-802C-4C62-8A67-8101D63D5A12}.Release|Any CPU.ActiveCfg = Release|Any CPU
		{E266AFBE-802C-4C62-8A67-8101D63D5A12}.Release|Any CPU.Build.0 = Release|Any CPU
		{EF6580C4-77D5-4DE9-B44F-1E69A2A17D53}.Debug|Any CPU.ActiveCfg = Debug|Any CPU
		{EF6580C4-77D5-4DE9-B44F-1E69A2A17D53}.Debug|Any CPU.Build.0 = Debug|Any CPU
		{EF6580C4-77D5-4DE9-B44F-1E69A2A17D53}.Release|Any CPU.ActiveCfg = Release|Any CPU
		{EF6580C4-77D5-4DE9-B44F-1E69A2A17D53}.Release|Any CPU.Build.0 = Release|Any CPU
		{F52F65B1-5CF4-4218-8145-A4B364C87667}.Debug|Any CPU.ActiveCfg = Debug|Any CPU
		{F52F65B1-5CF4-4218-8145-A4B364C87667}.Debug|Any CPU.Build.0 = Debug|Any CPU
		{F52F65B1-5CF4-4218-8145-A4B364C87667}.Release|Any CPU.ActiveCfg = Release|Any CPU
		{F52F65B1-5CF4-4218-8145-A4B364C87667}.Release|Any CPU.Build.0 = Release|Any CPU
		{D995A887-F822-4653-A9A8-68599CBF810F}.Debug|Any CPU.ActiveCfg = Debug|Any CPU
		{D995A887-F822-4653-A9A8-68599CBF810F}.Debug|Any CPU.Build.0 = Debug|Any CPU
		{D995A887-F822-4653-A9A8-68599CBF810F}.Release|Any CPU.ActiveCfg = Release|Any CPU
		{D995A887-F822-4653-A9A8-68599CBF810F}.Release|Any CPU.Build.0 = Release|Any CPU
		{5CA16FC4-0CB0-4F2C-835D-5691F6B09030}.Debug|Any CPU.ActiveCfg = Debug|Any CPU
		{5CA16FC4-0CB0-4F2C-835D-5691F6B09030}.Debug|Any CPU.Build.0 = Debug|Any CPU
		{5CA16FC4-0CB0-4F2C-835D-5691F6B09030}.Release|Any CPU.ActiveCfg = Release|Any CPU
		{5CA16FC4-0CB0-4F2C-835D-5691F6B09030}.Release|Any CPU.Build.0 = Release|Any CPU
		{026E7894-1710-4EFA-99F1-3386EAE7CE80}.Debug|Any CPU.ActiveCfg = Debug|Any CPU
		{026E7894-1710-4EFA-99F1-3386EAE7CE80}.Debug|Any CPU.Build.0 = Debug|Any CPU
		{026E7894-1710-4EFA-99F1-3386EAE7CE80}.Release|Any CPU.ActiveCfg = Release|Any CPU
		{026E7894-1710-4EFA-99F1-3386EAE7CE80}.Release|Any CPU.Build.0 = Release|Any CPU
		{15C5D6FA-C34D-4B6D-9927-0AE14737C865}.Debug|Any CPU.ActiveCfg = Debug|Any CPU
		{15C5D6FA-C34D-4B6D-9927-0AE14737C865}.Debug|Any CPU.Build.0 = Debug|Any CPU
		{15C5D6FA-C34D-4B6D-9927-0AE14737C865}.Release|Any CPU.ActiveCfg = Release|Any CPU
		{15C5D6FA-C34D-4B6D-9927-0AE14737C865}.Release|Any CPU.Build.0 = Release|Any CPU
	EndGlobalSection
	GlobalSection(SolutionProperties) = preSolution
		HideSolutionNode = FALSE
	EndGlobalSection
	GlobalSection(NestedProjects) = preSolution
		{BF02C75A-82D2-494C-AA19-6F7848E1B571} = {C6FEDD12-A352-4FEA-8D8C-4A134A1B9FB0}
		{E094B45E-EE7B-4533-8792-3C2CF0B28231} = {5C442E99-A287-400C-8399-FF2B96FC22C8}
		{7FF39A70-1DF1-4EBA-A487-3F2EC9846F9C} = {25DE2947-EC17-4A28-B7D8-7622121D4852}
		{FE7F0CA9-F429-4759-851D-076015FAB95B} = {0BFCC683-A613-42E0-B93E-59885AA1682B}
		{3975614A-7D36-4904-8028-80643C21ADE3} = {A14B2A15-85CF-4469-94C3-76F63BF20F53}
		{4F4BAC6D-8D49-450C-BA8F-AAAE0706E127} = {25DE2947-EC17-4A28-B7D8-7622121D4852}
		{8F6E720A-1F75-42C3-8213-FB2B801189EF} = {16628C92-C0EE-421A-B899-C849766EBD4C}
		{C80171E0-C141-4A2C-BDF4-A6EC9624A5DB} = {C6FEDD12-A352-4FEA-8D8C-4A134A1B9FB0}
		{0C2B79BD-FF5D-48EA-BFA5-40297EC30BB7} = {C6FEDD12-A352-4FEA-8D8C-4A134A1B9FB0}
		{42166C43-FDF0-42DF-892E-8E0DE1788F7B} = {25DE2947-EC17-4A28-B7D8-7622121D4852}
		{FEA17344-1188-4A4B-8FAB-15EBC817B4C3} = {0BFCC683-A613-42E0-B93E-59885AA1682B}
		{F3065348-0FC6-47A0-A23A-6E245F5D8B08} = {0BFCC683-A613-42E0-B93E-59885AA1682B}
		{E266AFBE-802C-4C62-8A67-8101D63D5A12} = {A14B2A15-85CF-4469-94C3-76F63BF20F53}
		{EF6580C4-77D5-4DE9-B44F-1E69A2A17D53} = {A14B2A15-85CF-4469-94C3-76F63BF20F53}
		{F52F65B1-5CF4-4218-8145-A4B364C87667} = {25DE2947-EC17-4A28-B7D8-7622121D4852}
		{D995A887-F822-4653-A9A8-68599CBF810F} = {16628C92-C0EE-421A-B899-C849766EBD4C}
		{5CA16FC4-0CB0-4F2C-835D-5691F6B09030} = {16628C92-C0EE-421A-B899-C849766EBD4C}
		{026E7894-1710-4EFA-99F1-3386EAE7CE80} = {5C442E99-A287-400C-8399-FF2B96FC22C8}
		{15C5D6FA-C34D-4B6D-9927-0AE14737C865} = {5C442E99-A287-400C-8399-FF2B96FC22C8}
	EndGlobalSection
	GlobalSection(ExtensibilityGlobals) = postSolution
		SolutionGuid = {DDA2A596-1D00-4611-BE4F-88196C30110D}
	EndGlobalSection
EndGlobal
